
Microsoft Visual Studio Solution File, Format Version 12.00
# Visual Studio 15
VisualStudioVersion = 15.0.28010.2048
MinimumVisualStudioVersion = 10.0.40219.1
Project("{FAE04EC0-301F-11D3-BF4B-00C04F79EFBC}") = "File Downloader", "File Downloader\File Downloader.csproj", "{7C41B61C-5D2F-47CF-9498-65398C8B3141}"
EndProject
Global
	GlobalSection(SolutionConfigurationPlatforms) = preSolution
		Debug|Any CPU = Debug|Any CPU
		Release|Any CPU = Release|Any CPU
	EndGlobalSection
	GlobalSection(ProjectConfigurationPlatforms) = postSolution
		{7C41B61C-5D2F-47CF-9498-65398C8B3141}.Debug|Any CPU.ActiveCfg = Debug|Any CPU
		{7C41B61C-5D2F-47CF-9498-65398C8B3141}.Debug|Any CPU.Build.0 = Debug|Any CPU
		{7C41B61C-5D2F-47CF-9498-65398C8B3141}.Release|Any CPU.ActiveCfg = Release|Any CPU
		{7C41B61C-5D2F-47CF-9498-65398C8B3141}.Release|Any CPU.Build.0 = Release|Any CPU
	EndGlobalSection
	GlobalSection(SolutionProperties) = preSolution
		HideSolutionNode = FALSE
	EndGlobalSection
	GlobalSection(ExtensibilityGlobals) = postSolution
		SolutionGuid = {4705656D-80A9-48CA-A165-F6C24A579BFE}
	EndGlobalSection
EndGlobal
